
Microsoft Visual Studio Solution File, Format Version 12.00
# Visual Studio 15
VisualStudioVersion = 15.0.28307.421
MinimumVisualStudioVersion = 10.0.40219.1
Project("{FAE04EC0-301F-11D3-BF4B-00C04F79EFBC}") = "net-core-svc-devops-sample", "net-core-svc-devops-sample\net-core-svc-devops-sample.csproj", "{BCB62E20-F67F-4AB3-8C39-12D70BE681A0}"
EndProject
Project("{FAE04EC0-301F-11D3-BF4B-00C04F79EFBC}") = "net-core-svc-devops-sample-tests", "net-core-svc-devops-sample-tests\net-core-svc-devops-sample-tests.csproj", "{A50896A9-7EE6-4C4B-8117-8598FF4DC4CE}"
EndProject
Project("{2150E333-8FDC-42A3-9474-1A3956D46DE8}") = "Solution Items", "Solution Items", "{95335C94-E491-4D34-A22C-D9D3192E34A1}"
	ProjectSection(SolutionItems) = preProject
		DockerFile = DockerFile
	EndProjectSection
EndProject
Global
	GlobalSection(SolutionConfigurationPlatforms) = preSolution
		Debug|Any CPU = Debug|Any CPU
		Release|Any CPU = Release|Any CPU
	EndGlobalSection
	GlobalSection(ProjectConfigurationPlatforms) = postSolution
		{BCB62E20-F67F-4AB3-8C39-12D70BE681A0}.Debug|Any CPU.ActiveCfg = Debug|Any CPU
		{BCB62E20-F67F-4AB3-8C39-12D70BE681A0}.Debug|Any CPU.Build.0 = Debug|Any CPU
		{BCB62E20-F67F-4AB3-8C39-12D70BE681A0}.Release|Any CPU.ActiveCfg = Release|Any CPU
		{BCB62E20-F67F-4AB3-8C39-12D70BE681A0}.Release|Any CPU.Build.0 = Release|Any CPU
		{A50896A9-7EE6-4C4B-8117-8598FF4DC4CE}.Debug|Any CPU.ActiveCfg = Debug|Any CPU
		{A50896A9-7EE6-4C4B-8117-8598FF4DC4CE}.Debug|Any CPU.Build.0 = Debug|Any CPU
		{A50896A9-7EE6-4C4B-8117-8598FF4DC4CE}.Release|Any CPU.ActiveCfg = Release|Any CPU
		{A50896A9-7EE6-4C4B-8117-8598FF4DC4CE}.Release|Any CPU.Build.0 = Release|Any CPU
	EndGlobalSection
	GlobalSection(SolutionProperties) = preSolution
		HideSolutionNode = FALSE
	EndGlobalSection
	GlobalSection(ExtensibilityGlobals) = postSolution
		SolutionGuid = {8BEEA76A-A9EE-4DF7-BA75-148425E6D9F1}
	EndGlobalSection
EndGlobal
